
Microsoft Visual Studio Solution File, Format Version 12.00
# Visual Studio Version 16
VisualStudioVersion = 16.0.31105.61
MinimumVisualStudioVersion = 10.0.40219.1
Project("{9A19103F-16F7-4668-BE54-9A1E7A4F7556}") = "testIdentity", "testIdentity.csproj", "{CF50CDC7-4147-4693-8D1A-974800F5ADDA}"
EndProject
Global
	GlobalSection(SolutionConfigurationPlatforms) = preSolution
		Debug|Any CPU = Debug|Any CPU
		Release|Any CPU = Release|Any CPU
	EndGlobalSection
	GlobalSection(ProjectConfigurationPlatforms) = postSolution
		{CF50CDC7-4147-4693-8D1A-974800F5ADDA}.Debug|Any CPU.ActiveCfg = Debug|Any CPU
		{CF50CDC7-4147-4693-8D1A-974800F5ADDA}.Debug|Any CPU.Build.0 = Debug|Any CPU
		{CF50CDC7-4147-4693-8D1A-974800F5ADDA}.Release|Any CPU.ActiveCfg = Release|Any CPU
		{CF50CDC7-4147-4693-8D1A-974800F5ADDA}.Release|Any CPU.Build.0 = Release|Any CPU
	EndGlobalSection
	GlobalSection(SolutionProperties) = preSolution
		HideSolutionNode = FALSE
	EndGlobalSection
	GlobalSection(ExtensibilityGlobals) = postSolution
		SolutionGuid = {68B98DBF-DBBA-4F57-BAEC-D95E06D9CB7F}
	EndGlobalSection
EndGlobal
